
Microsoft Visual Studio Solution File, Format Version 12.00
# Visual Studio Version 16
VisualStudioVersion = 16.0.31410.357
MinimumVisualStudioVersion = 10.0.40219.1
Project("{FAE04EC0-301F-11D3-BF4B-00C04F79EFBC}") = "WeatherApp", "WeatherApp\WeatherApp.csproj", "{6F2DC885-3AAC-4F9E-ABF2-7B6BBCE14153}"
EndProject
Global
	GlobalSection(SolutionConfigurationPlatforms) = preSolution
		Debug|Any CPU = Debug|Any CPU
		Release|Any CPU = Release|Any CPU
	EndGlobalSection
	GlobalSection(ProjectConfigurationPlatforms) = postSolution
		{6F2DC885-3AAC-4F9E-ABF2-7B6BBCE14153}.Debug|Any CPU.ActiveCfg = Debug|Any CPU
		{6F2DC885-3AAC-4F9E-ABF2-7B6BBCE14153}.Debug|Any CPU.Build.0 = Debug|Any CPU
		{6F2DC885-3AAC-4F9E-ABF2-7B6BBCE14153}.Release|Any CPU.ActiveCfg = Release|Any CPU
		{6F2DC885-3AAC-4F9E-ABF2-7B6BBCE14153}.Release|Any CPU.Build.0 = Release|Any CPU
	EndGlobalSection
	GlobalSection(SolutionProperties) = preSolution
		HideSolutionNode = FALSE
	EndGlobalSection
	GlobalSection(ExtensibilityGlobals) = postSolution
		SolutionGuid = {68726F30-CBCF-4771-A960-AF2232433404}
	EndGlobalSection
EndGlobal
